
Microsoft Visual Studio Solution File, Format Version 12.00
# Visual Studio Version 17
VisualStudioVersion = 17.4.33213.308
MinimumVisualStudioVersion = 10.0.40219.1
Project("{FAE04EC0-301F-11D3-BF4B-00C04F79EFBC}") = "BlazorUI", "BlazorUI\BlazorUI.csproj", "{B7C39AFB-BE48-4DB7-8348-A04C1A919C24}"
EndProject
Project("{FAE04EC0-301F-11D3-BF4B-00C04F79EFBC}") = "DemoLibrary", "DemoLibrary\DemoLibrary.csproj", "{F1F281B1-C1F7-4E4D-9D22-734DB8723A95}"
EndProject
Global
	GlobalSection(SolutionConfigurationPlatforms) = preSolution
		Debug|Any CPU = Debug|Any CPU
		Release|Any CPU = Release|Any CPU
	EndGlobalSection
	GlobalSection(ProjectConfigurationPlatforms) = postSolution
		{B7C39AFB-BE48-4DB7-8348-A04C1A919C24}.Debug|Any CPU.ActiveCfg = Debug|Any CPU
		{B7C39AFB-BE48-4DB7-8348-A04C1A919C24}.Debug|Any CPU.Build.0 = Debug|Any CPU
		{B7C39AFB-BE48-4DB7-8348-A04C1A919C24}.Release|Any CPU.ActiveCfg = Release|Any CPU
		{B7C39AFB-BE48-4DB7-8348-A04C1A919C24}.Release|Any CPU.Build.0 = Release|Any CPU
		{F1F281B1-C1F7-4E4D-9D22-734DB8723A95}.Debug|Any CPU.ActiveCfg = Debug|Any CPU
		{F1F281B1-C1F7-4E4D-9D22-734DB8723A95}.Debug|Any CPU.Build.0 = Debug|Any CPU
		{F1F281B1-C1F7-4E4D-9D22-734DB8723A95}.Release|Any CPU.ActiveCfg = Release|Any CPU
		{F1F281B1-C1F7-4E4D-9D22-734DB8723A95}.Release|Any CPU.Build.0 = Release|Any CPU
	EndGlobalSection
	GlobalSection(SolutionProperties) = preSolution
		HideSolutionNode = FALSE
	EndGlobalSection
	GlobalSection(ExtensibilityGlobals) = postSolution
		SolutionGuid = {5F6C477B-8D3B-4548-8A0D-367BB325EA0A}
	EndGlobalSection
EndGlobal
